{
  "requires": true,
  "lockfileVersion": 1,
  "dependencies": {
    "gsap": {
      "version": "3.3.0",
      "resolved": "https://registry.npmjs.org/gsap/-/gsap-3.3.0.tgz",
      "integrity": "sha512-MIcLOH8HCGvjyuLpzNBMKK+GdoL9wmJU+8nwauSZkqTyDlI1ugD0Sbhu7HO3805u7NqSv811murbu6eipVhJqw=="
    }
  }
}
